
Microsoft Visual Studio Solution File, Format Version 12.00
# Visual Studio Version 17
VisualStudioVersion = 17.5.33502.453
MinimumVisualStudioVersion = 10.0.40219.1
Project("{FAE04EC0-301F-11D3-BF4B-00C04F79EFBC}") = "EstudioContable.Consola", "EstudioContable\EstudioContable.Consola.csproj", "{D9B91994-19DD-4AB6-A23C-AF45258EEEA1}"
EndProject
Project("{FAE04EC0-301F-11D3-BF4B-00C04F79EFBC}") = "EstudioContable.AccesoDatos", "EstudioContable.AccesoDatos\EstudioContable.AccesoDatos.csproj", "{2BFBB771-0225-4567-BF61-D5D8ABF1387C}"
EndProject
Project("{FAE04EC0-301F-11D3-BF4B-00C04F79EFBC}") = "EstudioContable.Entidades", "EstudioContable.Entidades\EstudioContable.Entidades.csproj", "{37F650FC-E318-477B-826F-82D0275A74F4}"
EndProject
Global
	GlobalSection(SolutionConfigurationPlatforms) = preSolution
		Debug|Any CPU = Debug|Any CPU
		Release|Any CPU = Release|Any CPU
	EndGlobalSection
	GlobalSection(ProjectConfigurationPlatforms) = postSolution
		{D9B91994-19DD-4AB6-A23C-AF45258EEEA1}.Debug|Any CPU.ActiveCfg = Debug|Any CPU
		{D9B91994-19DD-4AB6-A23C-AF45258EEEA1}.Debug|Any CPU.Build.0 = Debug|Any CPU
		{D9B91994-19DD-4AB6-A23C-AF45258EEEA1}.Release|Any CPU.ActiveCfg = Release|Any CPU
		{D9B91994-19DD-4AB6-A23C-AF45258EEEA1}.Release|Any CPU.Build.0 = Release|Any CPU
		{2BFBB771-0225-4567-BF61-D5D8ABF1387C}.Debug|Any CPU.ActiveCfg = Debug|Any CPU
		{2BFBB771-0225-4567-BF61-D5D8ABF1387C}.Debug|Any CPU.Build.0 = Debug|Any CPU
		{2BFBB771-0225-4567-BF61-D5D8ABF1387C}.Release|Any CPU.ActiveCfg = Release|Any CPU
		{2BFBB771-0225-4567-BF61-D5D8ABF1387C}.Release|Any CPU.Build.0 = Release|Any CPU
		{37F650FC-E318-477B-826F-82D0275A74F4}.Debug|Any CPU.ActiveCfg = Debug|Any CPU
		{37F650FC-E318-477B-826F-82D0275A74F4}.Debug|Any CPU.Build.0 = Debug|Any CPU
		{37F650FC-E318-477B-826F-82D0275A74F4}.Release|Any CPU.ActiveCfg = Release|Any CPU
		{37F650FC-E318-477B-826F-82D0275A74F4}.Release|Any CPU.Build.0 = Release|Any CPU
	EndGlobalSection
	GlobalSection(SolutionProperties) = preSolution
		HideSolutionNode = FALSE
	EndGlobalSection
	GlobalSection(ExtensibilityGlobals) = postSolution
		SolutionGuid = {F302F2E1-5643-49A7-A4F9-5FA1C786CB6F}
	EndGlobalSection
EndGlobal
